
Microsoft Visual Studio Solution File, Format Version 12.00
# Visual Studio 2012
Project("{FAE04EC0-301F-11D3-BF4B-00C04F79EFBC}") = "SchemaCheckerMenu", "SchemaCheckerMenu\SchemaCheckerMenu.csproj", "{928AAC67-E790-473D-8C01-08B3740CCF46}"
EndProject
Global
	GlobalSection(SolutionConfigurationPlatforms) = preSolution
		Debug|Any CPU = Debug|Any CPU
		Release|Any CPU = Release|Any CPU
	EndGlobalSection
	GlobalSection(ProjectConfigurationPlatforms) = postSolution
		{928AAC67-E790-473D-8C01-08B3740CCF46}.Debug|Any CPU.ActiveCfg = Debug|Any CPU
		{928AAC67-E790-473D-8C01-08B3740CCF46}.Debug|Any CPU.Build.0 = Debug|Any CPU
		{928AAC67-E790-473D-8C01-08B3740CCF46}.Release|Any CPU.ActiveCfg = Release|Any CPU
		{928AAC67-E790-473D-8C01-08B3740CCF46}.Release|Any CPU.Build.0 = Release|Any CPU
	EndGlobalSection
	GlobalSection(SolutionProperties) = preSolution
		HideSolutionNode = FALSE
	EndGlobalSection
EndGlobal
